
Microsoft Visual Studio Solution File, Format Version 12.00
# Visual Studio 2017
Project("{FAE04EC0-301F-11D3-BF4B-00C04F79EFBC}") = "Prototipos tfg", "Prototipos tfg.csproj", "{32D22E42-45BF-516B-47F2-5A43DE90A30F}"
EndProject
Project("{FAE04EC0-301F-11D3-BF4B-00C04F79EFBC}") = "Prototipos tfg.Editor", "Prototipos tfg.Editor.csproj", "{285B9559-CC71-E340-42B3-9E7413B42818}"
EndProject
Global
	GlobalSection(SolutionConfigurationPlatforms) = preSolution
		Debug|Any CPU = Debug|Any CPU
		Release|Any CPU = Release|Any CPU
	EndGlobalSection
	GlobalSection(ProjectConfigurationPlatforms) = postSolution
		{32D22E42-45BF-516B-47F2-5A43DE90A30F}.Debug|Any CPU.ActiveCfg = Debug|Any CPU
		{32D22E42-45BF-516B-47F2-5A43DE90A30F}.Debug|Any CPU.Build.0 = Debug|Any CPU
		{32D22E42-45BF-516B-47F2-5A43DE90A30F}.Release|Any CPU.ActiveCfg = Release|Any CPU
		{32D22E42-45BF-516B-47F2-5A43DE90A30F}.Release|Any CPU.Build.0 = Release|Any CPU
		{285B9559-CC71-E340-42B3-9E7413B42818}.Debug|Any CPU.ActiveCfg = Debug|Any CPU
		{285B9559-CC71-E340-42B3-9E7413B42818}.Debug|Any CPU.Build.0 = Debug|Any CPU
		{285B9559-CC71-E340-42B3-9E7413B42818}.Release|Any CPU.ActiveCfg = Release|Any CPU
		{285B9559-CC71-E340-42B3-9E7413B42818}.Release|Any CPU.Build.0 = Release|Any CPU
	EndGlobalSection
	GlobalSection(SolutionProperties) = preSolution
		HideSolutionNode = FALSE
	EndGlobalSection
EndGlobal
