
Microsoft Visual Studio Solution File, Format Version 12.00
# Visual Studio 2015
Project("{FAE04EC0-301F-11D3-BF4B-00C04F79EFBC}") = "Prototipos tfg.CSharp", "Prototipos tfg.CSharp.csproj", "{5529A0A6-AA29-ABEC-C9FF-6201791E5647}"
EndProject
Project("{FAE04EC0-301F-11D3-BF4B-00C04F79EFBC}") = "Prototipos tfg.CSharp.Editor", "Prototipos tfg.CSharp.Editor.csproj", "{0E6989C4-78DE-FA3A-40F3-AC740E9BA8AE}"
EndProject
Global
	GlobalSection(SolutionConfigurationPlatforms) = preSolution
		Debug|Any CPU = Debug|Any CPU
		Release|Any CPU = Release|Any CPU
	EndGlobalSection
	GlobalSection(ProjectConfigurationPlatforms) = postSolution
		{5529A0A6-AA29-ABEC-C9FF-6201791E5647}.Debug|Any CPU.ActiveCfg = Debug|Any CPU
		{5529A0A6-AA29-ABEC-C9FF-6201791E5647}.Debug|Any CPU.Build.0 = Debug|Any CPU
		{5529A0A6-AA29-ABEC-C9FF-6201791E5647}.Release|Any CPU.ActiveCfg = Release|Any CPU
		{5529A0A6-AA29-ABEC-C9FF-6201791E5647}.Release|Any CPU.Build.0 = Release|Any CPU
		{0E6989C4-78DE-FA3A-40F3-AC740E9BA8AE}.Debug|Any CPU.ActiveCfg = Debug|Any CPU
		{0E6989C4-78DE-FA3A-40F3-AC740E9BA8AE}.Debug|Any CPU.Build.0 = Debug|Any CPU
		{0E6989C4-78DE-FA3A-40F3-AC740E9BA8AE}.Release|Any CPU.ActiveCfg = Release|Any CPU
		{0E6989C4-78DE-FA3A-40F3-AC740E9BA8AE}.Release|Any CPU.Build.0 = Release|Any CPU
	EndGlobalSection
	GlobalSection(SolutionProperties) = preSolution
		HideSolutionNode = FALSE
	EndGlobalSection
EndGlobal
